
Microsoft Visual Studio Solution File, Format Version 12.00
# Visual Studio Version 17
VisualStudioVersion = 17.13.35731.43
MinimumVisualStudioVersion = 10.0.40219.1
Project("{FAE04EC0-301F-11D3-BF4B-00C04F79EFBC}") = "Gurung.BulkOperations", "Gurung.BulkOperations\Gurung.BulkOperations.csproj", "{D2A0443A-2DED-4AE6-9A5F-074729B852F6}"
EndProject
Project("{FAE04EC0-301F-11D3-BF4B-00C04F79EFBC}") = "Gurung.BulkOperations.SqlServer", "Gurung.BulkOperations.SqlServer\Gurung.BulkOperations.SqlServer.csproj", "{070D5DF0-184A-4835-A2E7-0DE36ED604A7}"
EndProject
Project("{FAE04EC0-301F-11D3-BF4B-00C04F79EFBC}") = "Gurung.BulkOperations.PostgreSql", "Gurung.BulkOperations.PostgreSql\Gurung.BulkOperations.PostgreSql.csproj", "{16E4927B-7C3A-4D1C-840F-5F74DF47CBFA}"
EndProject
Project("{2150E333-8FDC-42A3-9474-1A3956D46DE8}") = "tests", "tests", "{02EA681E-C7D8-13C7-8484-4AC65E1B71E8}"
EndProject
Project("{FAE04EC0-301F-11D3-BF4B-00C04F79EFBC}") = "Gurung.BulkOperations.SqlServer.Tests", "tests\Gurung.BulkOperations.SqlServer.Tests\Gurung.BulkOperations.SqlServer.Tests.csproj", "{1AA8DDA4-899C-490F-AAA1-2F549B77D969}"
EndProject
Project("{FAE04EC0-301F-11D3-BF4B-00C04F79EFBC}") = "Gurung.BulkOperation.PostgreSql.Tests", "tests\Gurung.BulkOperation.PostgreSql.Tests\Gurung.BulkOperation.PostgreSql.Tests.csproj", "{CD07FDBF-875F-4841-BB8C-FFC52C8B6FE1}"
EndProject
Project("{FAE04EC0-301F-11D3-BF4B-00C04F79EFBC}") = "Gurung.BulkOperations.Core", "Gurung.BulkOperations.Core\Gurung.BulkOperations.Core.csproj", "{E03AEAF2-4109-416B-8508-4991602AAFFE}"
EndProject
Global
	GlobalSection(SolutionConfigurationPlatforms) = preSolution
		Debug|Any CPU = Debug|Any CPU
		Release|Any CPU = Release|Any CPU
	EndGlobalSection
	GlobalSection(ProjectConfigurationPlatforms) = postSolution
		{D2A0443A-2DED-4AE6-9A5F-074729B852F6}.Debug|Any CPU.ActiveCfg = Debug|Any CPU
		{D2A0443A-2DED-4AE6-9A5F-074729B852F6}.Debug|Any CPU.Build.0 = Debug|Any CPU
		{D2A0443A-2DED-4AE6-9A5F-074729B852F6}.Release|Any CPU.ActiveCfg = Release|Any CPU
		{D2A0443A-2DED-4AE6-9A5F-074729B852F6}.Release|Any CPU.Build.0 = Release|Any CPU
		{070D5DF0-184A-4835-A2E7-0DE36ED604A7}.Debug|Any CPU.ActiveCfg = Debug|Any CPU
		{070D5DF0-184A-4835-A2E7-0DE36ED604A7}.Debug|Any CPU.Build.0 = Debug|Any CPU
		{070D5DF0-184A-4835-A2E7-0DE36ED604A7}.Release|Any CPU.ActiveCfg = Release|Any CPU
		{070D5DF0-184A-4835-A2E7-0DE36ED604A7}.Release|Any CPU.Build.0 = Release|Any CPU
		{16E4927B-7C3A-4D1C-840F-5F74DF47CBFA}.Debug|Any CPU.ActiveCfg = Debug|Any CPU
		{16E4927B-7C3A-4D1C-840F-5F74DF47CBFA}.Debug|Any CPU.Build.0 = Debug|Any CPU
		{16E4927B-7C3A-4D1C-840F-5F74DF47CBFA}.Release|Any CPU.ActiveCfg = Release|Any CPU
		{16E4927B-7C3A-4D1C-840F-5F74DF47CBFA}.Release|Any CPU.Build.0 = Release|Any CPU
		{1AA8DDA4-899C-490F-AAA1-2F549B77D969}.Debug|Any CPU.ActiveCfg = Debug|Any CPU
		{1AA8DDA4-899C-490F-AAA1-2F549B77D969}.Debug|Any CPU.Build.0 = Debug|Any CPU
		{1AA8DDA4-899C-490F-AAA1-2F549B77D969}.Release|Any CPU.ActiveCfg = Release|Any CPU
		{1AA8DDA4-899C-490F-AAA1-2F549B77D969}.Release|Any CPU.Build.0 = Release|Any CPU
		{CD07FDBF-875F-4841-BB8C-FFC52C8B6FE1}.Debug|Any CPU.ActiveCfg = Debug|Any CPU
		{CD07FDBF-875F-4841-BB8C-FFC52C8B6FE1}.Debug|Any CPU.Build.0 = Debug|Any CPU
		{CD07FDBF-875F-4841-BB8C-FFC52C8B6FE1}.Release|Any CPU.ActiveCfg = Release|Any CPU
		{CD07FDBF-875F-4841-BB8C-FFC52C8B6FE1}.Release|Any CPU.Build.0 = Release|Any CPU
		{E03AEAF2-4109-416B-8508-4991602AAFFE}.Debug|Any CPU.ActiveCfg = Debug|Any CPU
		{E03AEAF2-4109-416B-8508-4991602AAFFE}.Debug|Any CPU.Build.0 = Debug|Any CPU
		{E03AEAF2-4109-416B-8508-4991602AAFFE}.Release|Any CPU.ActiveCfg = Release|Any CPU
		{E03AEAF2-4109-416B-8508-4991602AAFFE}.Release|Any CPU.Build.0 = Release|Any CPU
	EndGlobalSection
	GlobalSection(SolutionProperties) = preSolution
		HideSolutionNode = FALSE
	EndGlobalSection
	GlobalSection(NestedProjects) = preSolution
		{1AA8DDA4-899C-490F-AAA1-2F549B77D969} = {02EA681E-C7D8-13C7-8484-4AC65E1B71E8}
		{CD07FDBF-875F-4841-BB8C-FFC52C8B6FE1} = {02EA681E-C7D8-13C7-8484-4AC65E1B71E8}
		{E03AEAF2-4109-416B-8508-4991602AAFFE} = {02EA681E-C7D8-13C7-8484-4AC65E1B71E8}
	EndGlobalSection
	GlobalSection(ExtensibilityGlobals) = postSolution
		SolutionGuid = {6501BB64-EB33-4766-8B69-D800F1713BF2}
	EndGlobalSection
EndGlobal
